
Microsoft Visual Studio Solution File, Format Version 12.00
# Visual Studio Version 16
VisualStudioVersion = 16.0.30611.23
MinimumVisualStudioVersion = 10.0.40219.1
Project("{FAE04EC0-301F-11D3-BF4B-00C04F79EFBC}") = "duplo", "VCUProject\duplo.csproj", "{BFD86016-4865-45AA-A749-36DC3002C6DE}"
EndProject
Global
	GlobalSection(SolutionConfigurationPlatforms) = preSolution
		Debug|Any CPU = Debug|Any CPU
		Release|Any CPU = Release|Any CPU
	EndGlobalSection
	GlobalSection(ProjectConfigurationPlatforms) = postSolution
		{BFD86016-4865-45AA-A749-36DC3002C6DE}.Debug|Any CPU.ActiveCfg = Debug|Any CPU
		{BFD86016-4865-45AA-A749-36DC3002C6DE}.Debug|Any CPU.Build.0 = Debug|Any CPU
		{BFD86016-4865-45AA-A749-36DC3002C6DE}.Release|Any CPU.ActiveCfg = Release|Any CPU
		{BFD86016-4865-45AA-A749-36DC3002C6DE}.Release|Any CPU.Build.0 = Release|Any CPU
	EndGlobalSection
	GlobalSection(SolutionProperties) = preSolution
		HideSolutionNode = FALSE
	EndGlobalSection
	GlobalSection(ExtensibilityGlobals) = postSolution
		SolutionGuid = {8141549E-93A8-4259-B159-603D283CAD6D}
	EndGlobalSection
EndGlobal
